// !$*UTF8*$!
{
	archiveVersion = 1;
	classes = {
	};
	objectVersion = 56;
	objects = {

/* Begin PBXBuildFile section */
		CE63B967293B65CA00AAF9AC /* icon.swift in Sources */ = {isa = PBXBuildFile; fileRef = CE63B966293B65CA00AAF9AC /* icon.swift */; };
		CE63B969293B99FA00AAF9AC /* Image.swift in Sources */ = {isa = PBXBuildFile; fileRef = CE63B968293B99FA00AAF9AC /* Image.swift */; };
		CE63B96B293B9E9F00AAF9AC /* Image_recover.swift in Sources */ = {isa = PBXBuildFile; fileRef = CE63B96A293B9E9F00AAF9AC /* Image_recover.swift */; };
		CE63B96D293C69A100AAF9AC /* Frame.swift in Sources */ = {isa = PBXBuildFile; fileRef = CE63B96C293C69A100AAF9AC /* Frame.swift */; };
		CE63B96F293CD3E000AAF9AC /* Background.swift in Sources */ = {isa = PBXBuildFile; fileRef = CE63B96E293CD3E000AAF9AC /* Background.swift */; };
		CE63B971293CD6D900AAF9AC /* Overlay.swift in Sources */ = {isa = PBXBuildFile; fileRef = CE63B970293CD6D900AAF9AC /* Overlay.swift */; };
		CE63B973293CE0CB00AAF9AC /* Overlay2.0.swift in Sources */ = {isa = PBXBuildFile; fileRef = CE63B972293CE0CB00AAF9AC /* Overlay2.0.swift */; };
		CE63B975293CE5AA00AAF9AC /* overlay3.0.swift in Sources */ = {isa = PBXBuildFile; fileRef = CE63B974293CE5AA00AAF9AC /* overlay3.0.swift */; };
		CE63B977294454E300AAF9AC /* Stack.swfit.swift in Sources */ = {isa = PBXBuildFile; fileRef = CE63B976294454E300AAF9AC /* Stack.swfit.swift */; };
		CE63B9792944905400AAF9AC /* Stack2.0.swift in Sources */ = {isa = PBXBuildFile; fileRef = CE63B9782944905400AAF9AC /* Stack2.0.swift */; };
		CE63B97B2945780C00AAF9AC /* padding.swift in Sources */ = {isa = PBXBuildFile; fileRef = CE63B97A2945780C00AAF9AC /* padding.swift */; };
		CE63B97F2945796900AAF9AC /* padding2.0.swift in Sources */ = {isa = PBXBuildFile; fileRef = CE63B97E2945796900AAF9AC /* padding2.0.swift */; };
		CE63B981294EE5A000AAF9AC /* Spacer.swift in Sources */ = {isa = PBXBuildFile; fileRef = CE63B980294EE5A000AAF9AC /* Spacer.swift */; };
		CE790180293B17DE000FFD34 /* CircleImage.swift in Sources */ = {isa = PBXBuildFile; fileRef = CE79017F293B17DE000FFD34 /* CircleImage.swift */; };
		CE790182293B1C71000FFD34 /* MapView.swift in Sources */ = {isa = PBXBuildFile; fileRef = CE790181293B1C71000FFD34 /* MapView.swift */; };
		CE790187293B2E22000FFD34 /* landmark.swift in Sources */ = {isa = PBXBuildFile; fileRef = CE790186293B2E22000FFD34 /* landmark.swift */; };
		CE790188293B2E22000FFD34 /* landmark.swift in Sources */ = {isa = PBXBuildFile; fileRef = CE790186293B2E22000FFD34 /* landmark.swift */; };
		CEF6FFF229D2AB35004D2EAC /* initializerBootcamp.swift in Sources */ = {isa = PBXBuildFile; fileRef = CEF6FFF129D2AB35004D2EAC /* initializerBootcamp.swift */; };
		CEFB4CDD29339C13006D1252 /* DemoApp.swift in Sources */ = {isa = PBXBuildFile; fileRef = CEFB4CDC29339C13006D1252 /* DemoApp.swift */; };
		CEFB4CDF29339C13006D1252 /* ContentView.swift in Sources */ = {isa = PBXBuildFile; fileRef = CEFB4CDE29339C13006D1252 /* ContentView.swift */; };
		CEFB4CE129339C15006D1252 /* Assets.xcassets in Resources */ = {isa = PBXBuildFile; fileRef = CEFB4CE029339C15006D1252 /* Assets.xcassets */; };
		CEFB4CE429339C15006D1252 /* Preview Assets.xcassets in Resources */ = {isa = PBXBuildFile; fileRef = CEFB4CE329339C15006D1252 /* Preview Assets.xcassets */; };
		CEFB4CEE29339C16006D1252 /* DemoTests.swift in Sources */ = {isa = PBXBuildFile; fileRef = CEFB4CED29339C16006D1252 /* DemoTests.swift */; };
		CEFB4CF829339C16006D1252 /* DemoUITests.swift in Sources */ = {isa = PBXBuildFile; fileRef = CEFB4CF729339C16006D1252 /* DemoUITests.swift */; };
		CEFB4CFA29339C16006D1252 /* DemoUITestsLaunchTests.swift in Sources */ = {isa = PBXBuildFile; fileRef = CEFB4CF929339C16006D1252 /* DemoUITestsLaunchTests.swift */; };
		CEFB4D072933A893006D1252 /* ShapeDemo.swift in Sources */ = {isa = PBXBuildFile; fileRef = CEFB4D062933A893006D1252 /* ShapeDemo.swift */; };
		CEFB4D2729361392006D1252 /* Colors.swift in Sources */ = {isa = PBXBuildFile; fileRef = CEFB4D2629361392006D1252 /* Colors.swift */; };
		CEFB4D29293659DD006D1252 /* Gradients.swift in Sources */ = {isa = PBXBuildFile; fileRef = CEFB4D28293659DD006D1252 /* Gradients.swift */; };
		CEFB4D4E2937603A006D1252 /* text.swift in Sources */ = {isa = PBXBuildFile; fileRef = CEFB4D4D2937603A006D1252 /* text.swift */; };
/* End PBXBuildFile section */

/* Begin PBXContainerItemProxy section */
		CEFB4CEA29339C16006D1252 /* PBXContainerItemProxy */ = {
			isa = PBXContainerItemProxy;
			containerPortal = CEFB4CD129339C13006D1252 /* Project object */;
			proxyType = 1;
			remoteGlobalIDString = CEFB4CD829339C13006D1252;
			remoteInfo = Demo;
		};
		CEFB4CF429339C16006D1252 /* PBXContainerItemProxy */ = {
			isa = PBXContainerItemProxy;
			containerPortal = CEFB4CD129339C13006D1252 /* Project object */;
			proxyType = 1;
			remoteGlobalIDString = CEFB4CD829339C13006D1252;
			remoteInfo = Demo;
		};
/* End PBXContainerItemProxy section */

/* Begin PBXFileReference section */
		CE63B966293B65CA00AAF9AC /* icon.swift */ = {isa = PBXFileReference; lastKnownFileType = sourcecode.swift; path = icon.swift; sourceTree = "<group>"; };
		CE63B968293B99FA00AAF9AC /* Image.swift */ = {isa = PBXFileReference; lastKnownFileType = sourcecode.swift; path = Image.swift; sourceTree = "<group>"; };
		CE63B96A293B9E9F00AAF9AC /* Image_recover.swift */ = {isa = PBXFileReference; lastKnownFileType = sourcecode.swift; path = Image_recover.swift; sourceTree = "<group>"; };
		CE63B96C293C69A100AAF9AC /* Frame.swift */ = {isa = PBXFileReference; lastKnownFileType = sourcecode.swift; path = Frame.swift; sourceTree = "<group>"; };
		CE63B96E293CD3E000AAF9AC /* Background.swift */ = {isa = PBXFileReference; lastKnownFileType = sourcecode.swift; path = Background.swift; sourceTree = "<group>"; };
		CE63B970293CD6D900AAF9AC /* Overlay.swift */ = {isa = PBXFileReference; lastKnownFileType = sourcecode.swift; path = Overlay.swift; sourceTree = "<group>"; };
		CE63B972293CE0CB00AAF9AC /* Overlay2.0.swift */ = {isa = PBXFileReference; lastKnownFileType = sourcecode.swift; path = Overlay2.0.swift; sourceTree = "<group>"; };
		CE63B974293CE5AA00AAF9AC /* overlay3.0.swift */ = {isa = PBXFileReference; lastKnownFileType = sourcecode.swift; path = overlay3.0.swift; sourceTree = "<group>"; };
		CE63B976294454E300AAF9AC /* Stack.swfit.swift */ = {isa = PBXFileReference; lastKnownFileType = sourcecode.swift; path = Stack.swfit.swift; sourceTree = "<group>"; };
		CE63B9782944905400AAF9AC /* Stack2.0.swift */ = {isa = PBXFileReference; lastKnownFileType = sourcecode.swift; path = Stack2.0.swift; sourceTree = "<group>"; };
		CE63B97A2945780C00AAF9AC /* padding.swift */ = {isa = PBXFileReference; lastKnownFileType = sourcecode.swift; path = padding.swift; sourceTree = "<group>"; };
		CE63B97E2945796900AAF9AC /* padding2.0.swift */ = {isa = PBXFileReference; lastKnownFileType = sourcecode.swift; path = padding2.0.swift; sourceTree = "<group>"; };
		CE63B980294EE5A000AAF9AC /* Spacer.swift */ = {isa = PBXFileReference; lastKnownFileType = sourcecode.swift; path = Spacer.swift; sourceTree = "<group>"; };
		CE79017F293B17DE000FFD34 /* CircleImage.swift */ = {isa = PBXFileReference; lastKnownFileType = sourcecode.swift; path = CircleImage.swift; sourceTree = "<group>"; };
		CE790181293B1C71000FFD34 /* MapView.swift */ = {isa = PBXFileReference; lastKnownFileType = sourcecode.swift; path = MapView.swift; sourceTree = "<group>"; };
		CE790186293B2E22000FFD34 /* landmark.swift */ = {isa = PBXFileReference; lastKnownFileType = sourcecode.swift; path = landmark.swift; sourceTree = "<group>"; };
		CEF6FFF129D2AB35004D2EAC /* initializerBootcamp.swift */ = {isa = PBXFileReference; lastKnownFileType = sourcecode.swift; path = initializerBootcamp.swift; sourceTree = "<group>"; };
		CEFB4CD929339C13006D1252 /* Demo.app */ = {isa = PBXFileReference; explicitFileType = wrapper.application; includeInIndex = 0; path = Demo.app; sourceTree = BUILT_PRODUCTS_DIR; };
		CEFB4CDC29339C13006D1252 /* DemoApp.swift */ = {isa = PBXFileReference; lastKnownFileType = sourcecode.swift; path = DemoApp.swift; sourceTree = "<group>"; };
		CEFB4CDE29339C13006D1252 /* ContentView.swift */ = {isa = PBXFileReference; lastKnownFileType = sourcecode.swift; path = ContentView.swift; sourceTree = "<group>"; };
		CEFB4CE029339C15006D1252 /* Assets.xcassets */ = {isa = PBXFileReference; lastKnownFileType = folder.assetcatalog; path = Assets.xcassets; sourceTree = "<group>"; };
		CEFB4CE329339C15006D1252 /* Preview Assets.xcassets */ = {isa = PBXFileReference; lastKnownFileType = folder.assetcatalog; path = "Preview Assets.xcassets"; sourceTree = "<group>"; };
		CEFB4CE929339C16006D1252 /* DemoTests.xctest */ = {isa = PBXFileReference; explicitFileType = wrapper.cfbundle; includeInIndex = 0; path = DemoTests.xctest; sourceTree = BUILT_PRODUCTS_DIR; };
		CEFB4CED29339C16006D1252 /* DemoTests.swift */ = {isa = PBXFileReference; lastKnownFileType = sourcecode.swift; path = DemoTests.swift; sourceTree = "<group>"; };
		CEFB4CF329339C16006D1252 /* DemoUITests.xctest */ = {isa = PBXFileReference; explicitFileType = wrapper.cfbundle; includeInIndex = 0; path = DemoUITests.xctest; sourceTree = BUILT_PRODUCTS_DIR; };
		CEFB4CF729339C16006D1252 /* DemoUITests.swift */ = {isa = PBXFileReference; lastKnownFileType = sourcecode.swift; path = DemoUITests.swift; sourceTree = "<group>"; };
		CEFB4CF929339C16006D1252 /* DemoUITestsLaunchTests.swift */ = {isa = PBXFileReference; lastKnownFileType = sourcecode.swift; path = DemoUITestsLaunchTests.swift; sourceTree = "<group>"; };
		CEFB4D062933A893006D1252 /* ShapeDemo.swift */ = {isa = PBXFileReference; lastKnownFileType = sourcecode.swift; path = ShapeDemo.swift; sourceTree = "<group>"; };
		CEFB4D2629361392006D1252 /* Colors.swift */ = {isa = PBXFileReference; lastKnownFileType = sourcecode.swift; path = Colors.swift; sourceTree = "<group>"; };
		CEFB4D28293659DD006D1252 /* Gradients.swift */ = {isa = PBXFileReference; lastKnownFileType = sourcecode.swift; path = Gradients.swift; sourceTree = "<group>"; };
		CEFB4D4D2937603A006D1252 /* text.swift */ = {isa = PBXFileReference; lastKnownFileType = sourcecode.swift; path = text.swift; sourceTree = "<group>"; };
/* End PBXFileReference section */

/* Begin PBXFrameworksBuildPhase section */
		CEFB4CD629339C13006D1252 /* Frameworks */ = {
			isa = PBXFrameworksBuildPhase;
			buildActionMask = 2147483647;
			files = (
			);
			runOnlyForDeploymentPostprocessing = 0;
		};
		CEFB4CE629339C16006D1252 /* Frameworks */ = {
			isa = PBXFrameworksBuildPhase;
			buildActionMask = 2147483647;
			files = (
			);
			runOnlyForDeploymentPostprocessing = 0;
		};
		CEFB4CF029339C16006D1252 /* Frameworks */ = {
			isa = PBXFrameworksBuildPhase;
			buildActionMask = 2147483647;
			files = (
			);
			runOnlyForDeploymentPostprocessing = 0;
		};
/* End PBXFrameworksBuildPhase section */

/* Begin PBXGroup section */
		CEFB4CD029339C13006D1252 = {
			isa = PBXGroup;
			children = (
				CEFB4CDB29339C13006D1252 /* Demo */,
				CEFB4CEC29339C16006D1252 /* DemoTests */,
				CEFB4CF629339C16006D1252 /* DemoUITests */,
				CEFB4CDA29339C13006D1252 /* Products */,
			);
			sourceTree = "<group>";
		};
		CEFB4CDA29339C13006D1252 /* Products */ = {
			isa = PBXGroup;
			children = (
				CEFB4CD929339C13006D1252 /* Demo.app */,
				CEFB4CE929339C16006D1252 /* DemoTests.xctest */,
				CEFB4CF329339C16006D1252 /* DemoUITests.xctest */,
			);
			name = Products;
			sourceTree = "<group>";
		};
		CEFB4CDB29339C13006D1252 /* Demo */ = {
			isa = PBXGroup;
			children = (
				CEFB4CDC29339C13006D1252 /* DemoApp.swift */,
				CEFB4CDE29339C13006D1252 /* ContentView.swift */,
				CEFB4D062933A893006D1252 /* ShapeDemo.swift */,
				CEFB4D2629361392006D1252 /* Colors.swift */,
				CEFB4D28293659DD006D1252 /* Gradients.swift */,
				CEFB4D4D2937603A006D1252 /* text.swift */,
				CE790186293B2E22000FFD34 /* landmark.swift */,
				CE79017F293B17DE000FFD34 /* CircleImage.swift */,
				CE790181293B1C71000FFD34 /* MapView.swift */,
				CE63B966293B65CA00AAF9AC /* icon.swift */,
				CE63B968293B99FA00AAF9AC /* Image.swift */,
				CE63B96A293B9E9F00AAF9AC /* Image_recover.swift */,
				CE63B96C293C69A100AAF9AC /* Frame.swift */,
				CE63B96E293CD3E000AAF9AC /* Background.swift */,
				CE63B970293CD6D900AAF9AC /* Overlay.swift */,
				CE63B972293CE0CB00AAF9AC /* Overlay2.0.swift */,
				CE63B974293CE5AA00AAF9AC /* overlay3.0.swift */,
				CE63B976294454E300AAF9AC /* Stack.swfit.swift */,
				CE63B9782944905400AAF9AC /* Stack2.0.swift */,
				CE63B97A2945780C00AAF9AC /* padding.swift */,
				CE63B97E2945796900AAF9AC /* padding2.0.swift */,
				CE63B980294EE5A000AAF9AC /* Spacer.swift */,
				CEF6FFF129D2AB35004D2EAC /* initializerBootcamp.swift */,
				CEFB4CE029339C15006D1252 /* Assets.xcassets */,
				CEFB4CE229339C15006D1252 /* Preview Content */,
			);
			path = Demo;
			sourceTree = "<group>";
		};
		CEFB4CE229339C15006D1252 /* Preview Content */ = {
			isa = PBXGroup;
			children = (
				CEFB4CE329339C15006D1252 /* Preview Assets.xcassets */,
			);
			path = "Preview Content";
			sourceTree = "<group>";
		};
		CEFB4CEC29339C16006D1252 /* DemoTests */ = {
			isa = PBXGroup;
			children = (
				CEFB4CED29339C16006D1252 /* DemoTests.swift */,
			);
			path = DemoTests;
			sourceTree = "<group>";
		};
		CEFB4CF629339C16006D1252 /* DemoUITests */ = {
			isa = PBXGroup;
			children = (
				CEFB4CF729339C16006D1252 /* DemoUITests.swift */,
				CEFB4CF929339C16006D1252 /* DemoUITestsLaunchTests.swift */,
			);
			path = DemoUITests;
			sourceTree = "<group>";
		};
/* End PBXGroup section */

/* Begin PBXNativeTarget section */
		CEFB4CD829339C13006D1252 /* Demo */ = {
			isa = PBXNativeTarget;
			buildConfigurationList = CEFB4CFD29339C16006D1252 /* Build configuration list for PBXNativeTarget "Demo" */;
			buildPhases = (
				CEFB4CD529339C13006D1252 /* Sources */,
				CEFB4CD629339C13006D1252 /* Frameworks */,
				CEFB4CD729339C13006D1252 /* Resources */,
			);
			buildRules = (
			);
			dependencies = (
			);
			name = Demo;
			productName = Demo;
			productReference = CEFB4CD929339C13006D1252 /* Demo.app */;
			productType = "com.apple.product-type.application";
		};
		CEFB4CE829339C16006D1252 /* DemoTests */ = {
			isa = PBXNativeTarget;
			buildConfigurationList = CEFB4D0029339C16006D1252 /* Build configuration list for PBXNativeTarget "DemoTests" */;
			buildPhases = (
				CEFB4CE529339C16006D1252 /* Sources */,
				CEFB4CE629339C16006D1252 /* Frameworks */,
				CEFB4CE729339C16006D1252 /* Resources */,
			);
			buildRules = (
			);
			dependencies = (
				CEFB4CEB29339C16006D1252 /* PBXTargetDependency */,
			);
			name = DemoTests;
			productName = DemoTests;
			productReference = CEFB4CE929339C16006D1252 /* DemoTests.xctest */;
			productType = "com.apple.product-type.bundle.unit-test";
		};
		CEFB4CF229339C16006D1252 /* DemoUITests */ = {
			isa = PBXNativeTarget;
			buildConfigurationList = CEFB4D0329339C16006D1252 /* Build configuration list for PBXNativeTarget "DemoUITests" */;
			buildPhases = (
				CEFB4CEF29339C16006D1252 /* Sources */,
				CEFB4CF029339C16006D1252 /* Frameworks */,
				CEFB4CF129339C16006D1252 /* Resources */,
			);
			buildRules = (
			);
			dependencies = (
				CEFB4CF529339C16006D1252 /* PBXTargetDependency */,
			);
			name = DemoUITests;
			productName = DemoUITests;
			productReference = CEFB4CF329339C16006D1252 /* DemoUITests.xctest */;
			productType = "com.apple.product-type.bundle.ui-testing";
		};
/* End PBXNativeTarget section */

/* Begin PBXProject section */
		CEFB4CD129339C13006D1252 /* Project object */ = {
			isa = PBXProject;
			attributes = {
				BuildIndependentTargetsInParallel = 1;
				LastSwiftUpdateCheck = 1410;
				LastUpgradeCheck = 1410;
				TargetAttributes = {
					CEFB4CD829339C13006D1252 = {
						CreatedOnToolsVersion = 14.1;
					};
					CEFB4CE829339C16006D1252 = {
						CreatedOnToolsVersion = 14.1;
						TestTargetID = CEFB4CD829339C13006D1252;
					};
					CEFB4CF229339C16006D1252 = {
						CreatedOnToolsVersion = 14.1;
						TestTargetID = CEFB4CD829339C13006D1252;
					};
				};
			};
			buildConfigurationList = CEFB4CD429339C13006D1252 /* Build configuration list for PBXProject "Demo" */;
			compatibilityVersion = "Xcode 14.0";
			developmentRegion = en;
			hasScannedForEncodings = 0;
			knownRegions = (
				en,
				Base,
			);
			mainGroup = CEFB4CD029339C13006D1252;
			productRefGroup = CEFB4CDA29339C13006D1252 /* Products */;
			projectDirPath = "";
			projectRoot = "";
			targets = (
				CEFB4CD829339C13006D1252 /* Demo */,
				CEFB4CE829339C16006D1252 /* DemoTests */,
				CEFB4CF229339C16006D1252 /* DemoUITests */,
			);
		};
/* End PBXProject section */

/* Begin PBXResourcesBuildPhase section */
		CEFB4CD729339C13006D1252 /* Resources */ = {
			isa = PBXResourcesBuildPhase;
			buildActionMask = 2147483647;
			files = (
				CEFB4CE429339C15006D1252 /* Preview Assets.xcassets in Resources */,
				CEFB4CE129339C15006D1252 /* Assets.xcassets in Resources */,
			);
			runOnlyForDeploymentPostprocessing = 0;
		};
		CEFB4CE729339C16006D1252 /* Resources */ = {
			isa = PBXResourcesBuildPhase;
			buildActionMask = 2147483647;
			files = (
			);
			runOnlyForDeploymentPostprocessing = 0;
		};
		CEFB4CF129339C16006D1252 /* Resources */ = {
			isa = PBXResourcesBuildPhase;
			buildActionMask = 2147483647;
			files = (
			);
			runOnlyForDeploymentPostprocessing = 0;
		};
/* End PBXResourcesBuildPhase section */

/* Begin PBXSourcesBuildPhase section */
		CEFB4CD529339C13006D1252 /* Sources */ = {
			isa = PBXSourcesBuildPhase;
			buildActionMask = 2147483647;
			files = (
				CEFB4CDF29339C13006D1252 /* ContentView.swift in Sources */,
				CE63B977294454E300AAF9AC /* Stack.swfit.swift in Sources */,
				CE63B96F293CD3E000AAF9AC /* Background.swift in Sources */,
				CE63B97B2945780C00AAF9AC /* padding.swift in Sources */,
				CE790182293B1C71000FFD34 /* MapView.swift in Sources */,
				CE63B981294EE5A000AAF9AC /* Spacer.swift in Sources */,
				CEFB4D29293659DD006D1252 /* Gradients.swift in Sources */,
				CE63B97F2945796900AAF9AC /* padding2.0.swift in Sources */,
				CEFB4D2729361392006D1252 /* Colors.swift in Sources */,
				CE63B975293CE5AA00AAF9AC /* overlay3.0.swift in Sources */,
				CE63B967293B65CA00AAF9AC /* icon.swift in Sources */,
				CE790180293B17DE000FFD34 /* CircleImage.swift in Sources */,
				CE63B971293CD6D900AAF9AC /* Overlay.swift in Sources */,
				CEFB4D072933A893006D1252 /* ShapeDemo.swift in Sources */,
				CE790187293B2E22000FFD34 /* landmark.swift in Sources */,
				CEFB4D4E2937603A006D1252 /* text.swift in Sources */,
				CE63B969293B99FA00AAF9AC /* Image.swift in Sources */,
				CEF6FFF229D2AB35004D2EAC /* initializerBootcamp.swift in Sources */,
				CE63B96B293B9E9F00AAF9AC /* Image_recover.swift in Sources */,
				CE63B973293CE0CB00AAF9AC /* Overlay2.0.swift in Sources */,
				CEFB4CDD29339C13006D1252 /* DemoApp.swift in Sources */,
				CE63B9792944905400AAF9AC /* Stack2.0.swift in Sources */,
				CE63B96D293C69A100AAF9AC /* Frame.swift in Sources */,
			);
			runOnlyForDeploymentPostprocessing = 0;
		};
		CEFB4CE529339C16006D1252 /* Sources */ = {
			isa = PBXSourcesBuildPhase;
			buildActionMask = 2147483647;
			files = (
				CEFB4CEE29339C16006D1252 /* DemoTests.swift in Sources */,
			);
			runOnlyForDeploymentPostprocessing = 0;
		};
		CEFB4CEF29339C16006D1252 /* Sources */ = {
			isa = PBXSourcesBuildPhase;
			buildActionMask = 2147483647;
			files = (
				CE790188293B2E22000FFD34 /* landmark.swift in Sources */,
				CEFB4CF829339C16006D1252 /* DemoUITests.swift in Sources */,
				CEFB4CFA29339C16006D1252 /* DemoUITestsLaunchTests.swift in Sources */,
			);
			runOnlyForDeploymentPostprocessing = 0;
		};
/* End PBXSourcesBuildPhase section */

/* Begin PBXTargetDependency section */
		CEFB4CEB29339C16006D1252 /* PBXTargetDependency */ = {
			isa = PBXTargetDependency;
			target = CEFB4CD829339C13006D1252 /* Demo */;
			targetProxy = CEFB4CEA29339C16006D1252 /* PBXContainerItemProxy */;
		};
		CEFB4CF529339C16006D1252 /* PBXTargetDependency */ = {
			isa = PBXTargetDependency;
			target = CEFB4CD829339C13006D1252 /* Demo */;
			targetProxy = CEFB4CF429339C16006D1252 /* PBXContainerItemProxy */;
		};
/* End PBXTargetDependency section */

/* Begin XCBuildConfiguration section */
		CEFB4CFB29339C16006D1252 /* Debug */ = {
			isa = XCBuildConfiguration;
			buildSettings = {
				ALWAYS_SEARCH_USER_PATHS = NO;
				CLANG_ANALYZER_NONNULL = YES;
				CLANG_ANALYZER_NUMBER_OBJECT_CONVERSION = YES_AGGRESSIVE;
				CLANG_CXX_LANGUAGE_STANDARD = "gnu++20";
				CLANG_ENABLE_MODULES = YES;
				CLANG_ENABLE_OBJC_ARC = YES;
				CLANG_ENABLE_OBJC_WEAK = YES;
				CLANG_WARN_BLOCK_CAPTURE_AUTORELEASING = YES;
				CLANG_WARN_BOOL_CONVERSION = YES;
				CLANG_WARN_COMMA = YES;
				CLANG_WARN_CONSTANT_CONVERSION = YES;
				CLANG_WARN_DEPRECATED_OBJC_IMPLEMENTATIONS = YES;
				CLANG_WARN_DIRECT_OBJC_ISA_USAGE = YES_ERROR;
				CLANG_WARN_DOCUMENTATION_COMMENTS = YES;
				CLANG_WARN_EMPTY_BODY = YES;
				CLANG_WARN_ENUM_CONVERSION = YES;
				CLANG_WARN_INFINITE_RECURSION = YES;
				CLANG_WARN_INT_CONVERSION = YES;
				CLANG_WARN_NON_LITERAL_NULL_CONVERSION = YES;
				CLANG_WARN_OBJC_IMPLICIT_RETAIN_SELF = YES;
				CLANG_WARN_OBJC_LITERAL_CONVERSION = YES;
				CLANG_WARN_OBJC_ROOT_CLASS = YES_ERROR;
				CLANG_WARN_QUOTED_INCLUDE_IN_FRAMEWORK_HEADER = YES;
				CLANG_WARN_RANGE_LOOP_ANALYSIS = YES;
				CLANG_WARN_STRICT_PROTOTYPES = YES;
				CLANG_WARN_SUSPICIOUS_MOVE = YES;
				CLANG_WARN_UNGUARDED_AVAILABILITY = YES_AGGRESSIVE;
				CLANG_WARN_UNREACHABLE_CODE = YES;
				CLANG_WARN__DUPLICATE_METHOD_MATCH = YES;
				COPY_PHASE_STRIP = NO;
				DEBUG_INFORMATION_FORMAT = dwarf;
				ENABLE_STRICT_OBJC_MSGSEND = YES;
				ENABLE_TESTABILITY = YES;
				GCC_C_LANGUAGE_STANDARD = gnu11;
				GCC_DYNAMIC_NO_PIC = NO;
				GCC_NO_COMMON_BLOCKS = YES;
				GCC_OPTIMIZATION_LEVEL = 0;
				GCC_PREPROCESSOR_DEFINITIONS = (
					"DEBUG=1",
					"$(inherited)",
				);
				GCC_WARN_64_TO_32_BIT_CONVERSION = YES;
				GCC_WARN_ABOUT_RETURN_TYPE = YES_ERROR;
				GCC_WARN_UNDECLARED_SELECTOR = YES;
				GCC_WARN_UNINITIALIZED_AUTOS = YES_AGGRESSIVE;
				GCC_WARN_UNUSED_FUNCTION = YES;
				GCC_WARN_UNUSED_VARIABLE = YES;
				IPHONEOS_DEPLOYMENT_TARGET = 16.1;
				MTL_ENABLE_DEBUG_INFO = INCLUDE_SOURCE;
				MTL_FAST_MATH = YES;
				ONLY_ACTIVE_ARCH = YES;
				SDKROOT = iphoneos;
				SWIFT_ACTIVE_COMPILATION_CONDITIONS = DEBUG;
				SWIFT_OPTIMIZATION_LEVEL = "-Onone";
			};
			name = Debug;
		};
		CEFB4CFC29339C16006D1252 /* Release */ = {
			isa = XCBuildConfiguration;
			buildSettings = {
				ALWAYS_SEARCH_USER_PATHS = NO;
				CLANG_ANALYZER_NONNULL = YES;
				CLANG_ANALYZER_NUMBER_OBJECT_CONVERSION = YES_AGGRESSIVE;
				CLANG_CXX_LANGUAGE_STANDARD = "gnu++20";
				CLANG_ENABLE_MODULES = YES;
				CLANG_ENABLE_OBJC_ARC = YES;
				CLANG_ENABLE_OBJC_WEAK = YES;
				CLANG_WARN_BLOCK_CAPTURE_AUTORELEASING = YES;
				CLANG_WARN_BOOL_CONVERSION = YES;
				CLANG_WARN_COMMA = YES;
				CLANG_WARN_CONSTANT_CONVERSION = YES;
				CLANG_WARN_DEPRECATED_OBJC_IMPLEMENTATIONS = YES;
				CLANG_WARN_DIRECT_OBJC_ISA_USAGE = YES_ERROR;
				CLANG_WARN_DOCUMENTATION_COMMENTS = YES;
				CLANG_WARN_EMPTY_BODY = YES;
				CLANG_WARN_ENUM_CONVERSION = YES;
				CLANG_WARN_INFINITE_RECURSION = YES;
				CLANG_WARN_INT_CONVERSION = YES;
				CLANG_WARN_NON_LITERAL_NULL_CONVERSION = YES;
				CLANG_WARN_OBJC_IMPLICIT_RETAIN_SELF = YES;
				CLANG_WARN_OBJC_LITERAL_CONVERSION = YES;
				CLANG_WARN_OBJC_ROOT_CLASS = YES_ERROR;
				CLANG_WARN_QUOTED_INCLUDE_IN_FRAMEWORK_HEADER = YES;
				CLANG_WARN_RANGE_LOOP_ANALYSIS = YES;
				CLANG_WARN_STRICT_PROTOTYPES = YES;
				CLANG_WARN_SUSPICIOUS_MOVE = YES;
				CLANG_WARN_UNGUARDED_AVAILABILITY = YES_AGGRESSIVE;
				CLANG_WARN_UNREACHABLE_CODE = YES;
				CLANG_WARN__DUPLICATE_METHOD_MATCH = YES;
				COPY_PHASE_STRIP = NO;
				DEBUG_INFORMATION_FORMAT = "dwarf-with-dsym";
				ENABLE_NS_ASSERTIONS = NO;
				ENABLE_STRICT_OBJC_MSGSEND = YES;
				GCC_C_LANGUAGE_STANDARD = gnu11;
				GCC_NO_COMMON_BLOCKS = YES;
				GCC_WARN_64_TO_32_BIT_CONVERSION = YES;
				GCC_WARN_ABOUT_RETURN_TYPE = YES_ERROR;
				GCC_WARN_UNDECLARED_SELECTOR = YES;
				GCC_WARN_UNINITIALIZED_AUTOS = YES_AGGRESSIVE;
				GCC_WARN_UNUSED_FUNCTION = YES;
				GCC_WARN_UNUSED_VARIABLE = YES;
				IPHONEOS_DEPLOYMENT_TARGET = 16.1;
				MTL_ENABLE_DEBUG_INFO = NO;
				MTL_FAST_MATH = YES;
				SDKROOT = iphoneos;
				SWIFT_COMPILATION_MODE = wholemodule;
				SWIFT_OPTIMIZATION_LEVEL = "-O";
				VALIDATE_PRODUCT = YES;
			};
			name = Release;
		};
		CEFB4CFE29339C16006D1252 /* Debug */ = {
			isa = XCBuildConfiguration;
			buildSettings = {
				ASSETCATALOG_COMPILER_APPICON_NAME = AppIcon;
				ASSETCATALOG_COMPILER_GLOBAL_ACCENT_COLOR_NAME = AccentColor;
				CODE_SIGN_STYLE = Automatic;
				CURRENT_PROJECT_VERSION = 1;
				DEVELOPMENT_ASSET_PATHS = "\"Demo/Preview Content\"";
				ENABLE_PREVIEWS = YES;
				GENERATE_INFOPLIST_FILE = YES;
				INFOPLIST_KEY_UIApplicationSceneManifest_Generation = YES;
				INFOPLIST_KEY_UIApplicationSupportsIndirectInputEvents = YES;
				INFOPLIST_KEY_UILaunchScreen_Generation = YES;
				INFOPLIST_KEY_UISupportedInterfaceOrientations_iPad = "UIInterfaceOrientationPortrait UIInterfaceOrientationPortraitUpsideDown UIInterfaceOrientationLandscapeLeft UIInterfaceOrientationLandscapeRight";
				INFOPLIST_KEY_UISupportedInterfaceOrientations_iPhone = "UIInterfaceOrientationPortrait UIInterfaceOrientationLandscapeLeft UIInterfaceOrientationLandscapeRight";
				LD_RUNPATH_SEARCH_PATHS = (
					"$(inherited)",
					"@executable_path/Frameworks",
				);
				MARKETING_VERSION = 1.0;
				PRODUCT_BUNDLE_IDENTIFIER = "Chengsheng-Deng.Demo";
				PRODUCT_NAME = "$(TARGET_NAME)";
				SWIFT_EMIT_LOC_STRINGS = YES;
				SWIFT_VERSION = 5.0;
				TARGETED_DEVICE_FAMILY = "1,2";
			};
			name = Debug;
		};
		CEFB4CFF29339C16006D1252 /* Release */ = {
			isa = XCBuildConfiguration;
			buildSettings = {
				ASSETCATALOG_COMPILER_APPICON_NAME = AppIcon;
				ASSETCATALOG_COMPILER_GLOBAL_ACCENT_COLOR_NAME = AccentColor;
				CODE_SIGN_STYLE = Automatic;
				CURRENT_PROJECT_VERSION = 1;
				DEVELOPMENT_ASSET_PATHS = "\"Demo/Preview Content\"";
				ENABLE_PREVIEWS = YES;
				GENERATE_INFOPLIST_FILE = YES;
				INFOPLIST_KEY_UIApplicationSceneManifest_Generation = YES;
				INFOPLIST_KEY_UIApplicationSupportsIndirectInputEvents = YES;
				INFOPLIST_KEY_UILaunchScreen_Generation = YES;
				INFOPLIST_KEY_UISupportedInterfaceOrientations_iPad = "UIInterfaceOrientationPortrait UIInterfaceOrientationPortraitUpsideDown UIInterfaceOrientationLandscapeLeft UIInterfaceOrientationLandscapeRight";
				INFOPLIST_KEY_UISupportedInterfaceOrientations_iPhone = "UIInterfaceOrientationPortrait UIInterfaceOrientationLandscapeLeft UIInterfaceOrientationLandscapeRight";
				LD_RUNPATH_SEARCH_PATHS = (
					"$(inherited)",
					"@executable_path/Frameworks",
				);
				MARKETING_VERSION = 1.0;
				PRODUCT_BUNDLE_IDENTIFIER = "Chengsheng-Deng.Demo";
				PRODUCT_NAME = "$(TARGET_NAME)";
				SWIFT_EMIT_LOC_STRINGS = YES;
				SWIFT_VERSION = 5.0;
				TARGETED_DEVICE_FAMILY = "1,2";
			};
			name = Release;
		};
		CEFB4D0129339C16006D1252 /* Debug */ = {
			isa = XCBuildConfiguration;
			buildSettings = {
				ALWAYS_EMBED_SWIFT_STANDARD_LIBRARIES = YES;
				BUNDLE_LOADER = "$(TEST_HOST)";
				CODE_SIGN_STYLE = Automatic;
				CURRENT_PROJECT_VERSION = 1;
				GENERATE_INFOPLIST_FILE = YES;
				IPHONEOS_DEPLOYMENT_TARGET = 16.1;
				MARKETING_VERSION = 1.0;
				PRODUCT_BUNDLE_IDENTIFIER = "Chengsheng-Deng.DemoTests";
				PRODUCT_NAME = "$(TARGET_NAME)";
				SWIFT_EMIT_LOC_STRINGS = NO;
				SWIFT_VERSION = 5.0;
				TARGETED_DEVICE_FAMILY = "1,2";
				TEST_HOST = "$(BUILT_PRODUCTS_DIR)/Demo.app/$(BUNDLE_EXECUTABLE_FOLDER_PATH)/Demo";
			};
			name = Debug;
		};
		CEFB4D0229339C16006D1252 /* Release */ = {
			isa = XCBuildConfiguration;
			buildSettings = {
				ALWAYS_EMBED_SWIFT_STANDARD_LIBRARIES = YES;
				BUNDLE_LOADER = "$(TEST_HOST)";
				CODE_SIGN_STYLE = Automatic;
				CURRENT_PROJECT_VERSION = 1;
				GENERATE_INFOPLIST_FILE = YES;
				IPHONEOS_DEPLOYMENT_TARGET = 16.1;
				MARKETING_VERSION = 1.0;
				PRODUCT_BUNDLE_IDENTIFIER = "Chengsheng-Deng.DemoTests";
				PRODUCT_NAME = "$(TARGET_NAME)";
				SWIFT_EMIT_LOC_STRINGS = NO;
				SWIFT_VERSION = 5.0;
				TARGETED_DEVICE_FAMILY = "1,2";
				TEST_HOST = "$(BUILT_PRODUCTS_DIR)/Demo.app/$(BUNDLE_EXECUTABLE_FOLDER_PATH)/Demo";
			};
			name = Release;
		};
		CEFB4D0429339C16006D1252 /* Debug */ = {
			isa = XCBuildConfiguration;
			buildSettings = {
				ALWAYS_EMBED_SWIFT_STANDARD_LIBRARIES = YES;
				CODE_SIGN_STYLE = Automatic;
				CURRENT_PROJECT_VERSION = 1;
				GENERATE_INFOPLIST_FILE = YES;
				MARKETING_VERSION = 1.0;
				PRODUCT_BUNDLE_IDENTIFIER = "Chengsheng-Deng.DemoUITests";
				PRODUCT_NAME = "$(TARGET_NAME)";
				SWIFT_EMIT_LOC_STRINGS = NO;
				SWIFT_VERSION = 5.0;
				TARGETED_DEVICE_FAMILY = "1,2";
				TEST_TARGET_NAME = Demo;
			};
			name = Debug;
		};
		CEFB4D0529339C16006D1252 /* Release */ = {
			isa = XCBuildConfiguration;
			buildSettings = {
				ALWAYS_EMBED_SWIFT_STANDARD_LIBRARIES = YES;
				CODE_SIGN_STYLE = Automatic;
				CURRENT_PROJECT_VERSION = 1;
				GENERATE_INFOPLIST_FILE = YES;
				MARKETING_VERSION = 1.0;
				PRODUCT_BUNDLE_IDENTIFIER = "Chengsheng-Deng.DemoUITests";
				PRODUCT_NAME = "$(TARGET_NAME)";
				SWIFT_EMIT_LOC_STRINGS = NO;
				SWIFT_VERSION = 5.0;
				TARGETED_DEVICE_FAMILY = "1,2";
				TEST_TARGET_NAME = Demo;
			};
			name = Release;
		};
/* End XCBuildConfiguration section */

/* Begin XCConfigurationList section */
		CEFB4CD429339C13006D1252 /* Build configuration list for PBXProject "Demo" */ = {
			isa = XCConfigurationList;
			buildConfigurations = (
				CEFB4CFB29339C16006D1252 /* Debug */,
				CEFB4CFC29339C16006D1252 /* Release */,
			);
			defaultConfigurationIsVisible = 0;
			defaultConfigurationName = Release;
		};
		CEFB4CFD29339C16006D1252 /* Build configuration list for PBXNativeTarget "Demo" */ = {
			isa = XCConfigurationList;
			buildConfigurations = (
				CEFB4CFE29339C16006D1252 /* Debug */,
				CEFB4CFF29339C16006D1252 /* Release */,
			);
			defaultConfigurationIsVisible = 0;
			defaultConfigurationName = Release;
		};
		CEFB4D0029339C16006D1252 /* Build configuration list for PBXNativeTarget "DemoTests" */ = {
			isa = XCConfigurationList;
			buildConfigurations = (
				CEFB4D0129339C16006D1252 /* Debug */,
				CEFB4D0229339C16006D1252 /* Release */,
			);
			defaultConfigurationIsVisible = 0;
			defaultConfigurationName = Release;
		};
		CEFB4D0329339C16006D1252 /* Build configuration list for PBXNativeTarget "DemoUITests" */ = {
			isa = XCConfigurationList;
			buildConfigurations = (
				CEFB4D0429339C16006D1252 /* Debug */,
				CEFB4D0529339C16006D1252 /* Release */,
			);
			defaultConfigurationIsVisible = 0;
			defaultConfigurationName = Release;
		};
/* End XCConfigurationList section */
	};
	rootObject = CEFB4CD129339C13006D1252 /* Project object */;
}
